{
  "name": "ts49",
  "version": "1.0.0",
  "lockfileVersion": 3,
  "requires": true,
  "packages": {
    "": {
      "name": "ts49",
      "version": "1.0.0",
      "dependencies": {
        "@yje/how-to-publish-a-typescript-package.only-directory-structure": "file:../only-directory-structure",
        "@yje/how-to-publish-a-typescript-package.support-by-exports": "file:../support-by-exports",
        "@yje/how-to-publish-a-typescript-package.support-by-typesversions": "file:../support-by-typesversions",
        "typescript": "^5.3.2"
      }
    },
    "../only-directory-structure": {
      "version": "0.1.0"
    },
    "../support-by-exports": {
      "version": "0.1.0"
    },
    "../support-by-typesversions": {
      "version": "0.1.0"
    },
    "node_modules/@yje/how-to-publish-a-typescript-package.only-directory-structure": {
      "resolved": "../only-directory-structure",
      "link": true
    },
    "node_modules/@yje/how-to-publish-a-typescript-package.support-by-exports": {
      "resolved": "../support-by-exports",
      "link": true
    },
    "node_modules/@yje/how-to-publish-a-typescript-package.support-by-typesversions": {
      "resolved": "../support-by-typesversions",
      "link": true
    },
    "node_modules/typescript": {
      "version": "5.3.2",
      "resolved": "https://mirrors.tencent.com/npm/typescript/-/typescript-5.3.2.tgz",
      "integrity": "sha512-6l+RyNy7oAHDfxC4FzSJcz9vnjTKxrLpDG5M2Vu4SHRVNg6xzqZp6LYSR9zjqQTu8DU/f5xwxUdADOkbrIX2gQ==",
      "bin": {
        "tsc": "bin/tsc",
        "tsserver": "bin/tsserver"
      },
      "engines": {
        "node": ">=14.17"
      }
    }
  }
}
